{
  "name": "recipe website",
  "lockfileVersion": 3,
  "requires": true,
  "packages": {
    "": {
      "dependencies": {
        "run": "^2.1.5"
      }
    },
    "node_modules/run": {
      "version": "2.1.5",
      "resolved": "https://registry.npmjs.org/run/-/run-2.1.5.tgz",
      "integrity": "sha512-cpq+C8bau0r9KSo2GofT7eCBV1re4mLqioC3ij2uvE8KA7H0HNM+7DNZKHEFyS7QFeji8aQT3sHNJ3nCoPRU4w==",
      "license": "Apache-2.0",
      "engines": {
        "node": ">=20.19.0"
      },
      "peerDependencies": {
        "typescript": ">=5.1.6 <7"
      },
      "peerDependenciesMeta": {
        "typescript": {
          "optional": true
        }
      }
    }
  }
}
